
Microsoft Visual Studio Solution File, Format Version 9.00
# Visual Studio 2005
Project("{FAE04EC0-301F-11D3-BF4B-00C04F79EFBC}") = "TwitterAway", "TwitterAway\TwitterAway.csproj", "{0799FF3E-6B5E-449C-BD06-88BFC7DE1DBB}"
EndProject
Project("{FAE04EC0-301F-11D3-BF4B-00C04F79EFBC}") = "MiscPocketCompactLibrary", "..\MiscPocketCompactLibrary\MiscPocketCompactLibrary\MiscPocketCompactLibrary.csproj", "{23406A68-A2E2-4A8F-8760-DFCA3B2D0236}"
EndProject
Global
	GlobalSection(SolutionConfigurationPlatforms) = preSolution
		Debug|Any CPU = Debug|Any CPU
		Release|Any CPU = Release|Any CPU
	EndGlobalSection
	GlobalSection(ProjectConfigurationPlatforms) = postSolution
		{0799FF3E-6B5E-449C-BD06-88BFC7DE1DBB}.Debug|Any CPU.ActiveCfg = Debug|Any CPU
		{0799FF3E-6B5E-449C-BD06-88BFC7DE1DBB}.Debug|Any CPU.Build.0 = Debug|Any CPU
		{0799FF3E-6B5E-449C-BD06-88BFC7DE1DBB}.Debug|Any CPU.Deploy.0 = Debug|Any CPU
		{0799FF3E-6B5E-449C-BD06-88BFC7DE1DBB}.Release|Any CPU.ActiveCfg = Release|Any CPU
		{0799FF3E-6B5E-449C-BD06-88BFC7DE1DBB}.Release|Any CPU.Build.0 = Release|Any CPU
		{0799FF3E-6B5E-449C-BD06-88BFC7DE1DBB}.Release|Any CPU.Deploy.0 = Release|Any CPU
		{23406A68-A2E2-4A8F-8760-DFCA3B2D0236}.Debug|Any CPU.ActiveCfg = Debug|Any CPU
		{23406A68-A2E2-4A8F-8760-DFCA3B2D0236}.Debug|Any CPU.Build.0 = Debug|Any CPU
		{23406A68-A2E2-4A8F-8760-DFCA3B2D0236}.Release|Any CPU.ActiveCfg = Release|Any CPU
		{23406A68-A2E2-4A8F-8760-DFCA3B2D0236}.Release|Any CPU.Build.0 = Release|Any CPU
	EndGlobalSection
	GlobalSection(SolutionProperties) = preSolution
		HideSolutionNode = FALSE
	EndGlobalSection
EndGlobal
